Microsoft Visual Studio Solution File, Format Version 12.00
# Visual Studio 15
VisualStudioVersion = 15.0.28010.0
MinimumVisualStudioVersion = 10.0.40219.1
Project("{9A19103F-16F7-4668-BE54-9A1E7A4F7556}") = "InvoiceAssistantWebhook", "InvoiceAssistantWebhook\InvoiceAssistantWebhook.csproj", "{20DEADDC-5B4A-4A1D-885F-DBDE8DBA0BB2}"
EndProject
Project("{FAE04EC0-301F-11D3-BF4B-00C04F79EFBC}") = "WebhookDeployer", "WebhookDeployer\WebhookDeployer.csproj", "{047EDF24-DD9E-4A1B-AF3E-B6656AEB83E1}"
EndProject
Project("{FAE04EC0-301F-11D3-BF4B-00C04F79EFBC}") = "common", "common\common.csproj", "{B0B86535-D426-4E46-91E9-E8ACF6C8AC3C}"
EndProject
Global
	GlobalSection(SolutionConfigurationPlatforms) = preSolution
		Debug|Any CPU = Debug|Any CPU
		Release|Any CPU = Release|Any CPU
	EndGlobalSection
	GlobalSection(ProjectConfigurationPlatforms) = postSolution
		{20DEADDC-5B4A-4A1D-885F-DBDE8DBA0BB2}.Debug|Any CPU.ActiveCfg = Debug|Any CPU
		{20DEADDC-5B4A-4A1D-885F-DBDE8DBA0BB2}.Debug|Any CPU.Build.0 = Debug|Any CPU
		{20DEADDC-5B4A-4A1D-885F-DBDE8DBA0BB2}.Release|Any CPU.ActiveCfg = Release|Any CPU
		{20DEADDC-5B4A-4A1D-885F-DBDE8DBA0BB2}.Release|Any CPU.Build.0 = Release|Any CPU
		{047EDF24-DD9E-4A1B-AF3E-B6656AEB83E1}.Debug|Any CPU.ActiveCfg = Debug|Any CPU
		{047EDF24-DD9E-4A1B-AF3E-B6656AEB83E1}.Debug|Any CPU.Build.0 = Debug|Any CPU
		{047EDF24-DD9E-4A1B-AF3E-B6656AEB83E1}.Release|Any CPU.ActiveCfg = Release|Any CPU
		{047EDF24-DD9E-4A1B-AF3E-B6656AEB83E1}.Release|Any CPU.Build.0 = Release|Any CPU
		{B0B86535-D426-4E46-91E9-E8ACF6C8AC3C}.Debug|Any CPU.ActiveCfg = Debug|Any CPU
		{B0B86535-D426-4E46-91E9-E8ACF6C8AC3C}.Debug|Any CPU.Build.0 = Debug|Any CPU
		{B0B86535-D426-4E46-91E9-E8ACF6C8AC3C}.Release|Any CPU.ActiveCfg = Release|Any CPU
		{B0B86535-D426-4E46-91E9-E8ACF6C8AC3C}.Release|Any CPU.Build.0 = Release|Any CPU
	EndGlobalSection
	GlobalSection(SolutionProperties) = preSolution
		HideSolutionNode = FALSE
	EndGlobalSection
	GlobalSection(ExtensibilityGlobals) = postSolution
		SolutionGuid = {55355D78-8800-4C42-9676-0E46965C8C75}
	EndGlobalSection
EndGlobal
